{
  "originHash" : "1c6b7d8df446e9a7b57429180c25e69f7a7d749993a45281a78c410bb45fa021",
  "pins" : [
    {
      "identity" : "launchatlogin-modern",
      "kind" : "remoteSourceControl",
      "location" : "https://github.com/sindresorhus/LaunchAtLogin-Modern.git",
      "state" : {
        "revision" : "a04ec1c363be3627734f6dad757d82f5d4fa8fcc",
        "version" : "1.1.0"
      }
    },
    {
      "identity" : "swiftui-tooltip",
      "kind" : "remoteSourceControl",
      "location" : "https://github.com/quassum/SwiftUI-Tooltip.git",
      "state" : {
        "revision" : "3bef9a21e2bcf1d0f078ddf6731c3c8996f32c3e",
        "version" : "1.4.0"
      }
    }
  ],
  "version" : 3
}
